
Microsoft Visual Studio Solution File, Format Version 12.00
# Visual Studio Version 17
VisualStudioVersion = 17.11.35327.3
MinimumVisualStudioVersion = 10.0.40219.1
Project("{FAE04EC0-301F-11D3-BF4B-00C04F79EFBC}") = "Account", "Account\Account.csproj", "{EB173FF8-7F05-4581-9155-49D056DDF471}"
EndProject
Global
	GlobalSection(SolutionConfigurationPlatforms) = preSolution
		Debug|Any CPU = Debug|Any CPU
		Release|Any CPU = Release|Any CPU
	EndGlobalSection
	GlobalSection(ProjectConfigurationPlatforms) = postSolution
		{EB173FF8-7F05-4581-9155-49D056DDF471}.Debug|Any CPU.ActiveCfg = Debug|Any CPU
		{EB173FF8-7F05-4581-9155-49D056DDF471}.Debug|Any CPU.Build.0 = Debug|Any CPU
		{EB173FF8-7F05-4581-9155-49D056DDF471}.Release|Any CPU.ActiveCfg = Release|Any CPU
		{EB173FF8-7F05-4581-9155-49D056DDF471}.Release|Any CPU.Build.0 = Release|Any CPU
	EndGlobalSection
	GlobalSection(SolutionProperties) = preSolution
		HideSolutionNode = FALSE
	EndGlobalSection
	GlobalSection(ExtensibilityGlobals) = postSolution
		SolutionGuid = {45F82F31-DA4B-458C-BC0E-91D6F38463FB}
	EndGlobalSection
EndGlobal
